PODS:
  - Flutter (1.0.0)
  - rive_native (0.0.1):
    - Flutter

DEPENDENCIES:
  - Flutter (from `Flutter`)
  - rive_native (from `.symlinks/plugins/rive_native/ios`)

EXTERNAL SOURCES:
  Flutter:
    :path: Flutter
  rive_native:
    :path: ".symlinks/plugins/rive_native/ios"

SPEC CHECKSUMS:
  Flutter: cabc95a1d2626b1b06e7179b784ebcf0c0cde467
  rive_native: c8fbe631855835dc84f7d59befcdb43de3ac48d4

PODFILE CHECKSUM: 070ba68abd8b72dde8c295c27eaa99587db6f0b7

COCOAPODS: 1.16.2
